
Microsoft Visual Studio Solution File, Format Version 12.00
# Visual Studio Version 17
VisualStudioVersion = 17.2.32526.322
MinimumVisualStudioVersion = 10.0.40219.1
Project("{2150E333-8FDC-42A3-9474-1A3956D46DE8}") = "Solution Items", "Solution Items", "{EDDF871D-9040-464B-8D2B-95EE03FA04D2}"
	ProjectSection(SolutionItems) = preProject
		.dockerignore = .dockerignore
		.editorconfig = .editorconfig
		.gitattributes = .gitattributes
		.gitignore = .gitignore
		Directory.Build.props = Directory.Build.props
		Directory.Build.targets = Directory.Build.targets
		README.md = README.md
	EndProjectSection
EndProject
Project("{2150E333-8FDC-42A3-9474-1A3956D46DE8}") = "core", "core", "{BD67D1DE-F732-4CA0-979F-FBA5B851B3E8}"
EndProject
Project("{9A19103F-16F7-4668-BE54-9A1E7A4F7556}") = "Kubesharp.Abstractions", "src\core\Kubesharp.Abstractions\Kubesharp.Abstractions.csproj", "{F7234AD0-48C6-4EAB-8C58-F5F1CDCE4090}"
EndProject
Project("{9A19103F-16F7-4668-BE54-9A1E7A4F7556}") = "Kubesharp.Basic", "src\core\Kubesharp.Basic\Kubesharp.Basic.csproj", "{0B45CEF2-1575-4787-ACBA-35743E6B4478}"
EndProject
Project("{9A19103F-16F7-4668-BE54-9A1E7A4F7556}") = "Kubesharp.Core", "src\core\Kubesharp.Core\Kubesharp.Core.csproj", "{6A9243F4-2AB1-43E1-9053-567BC712966E}"
EndProject
Project("{9A19103F-16F7-4668-BE54-9A1E7A4F7556}") = "Kubesharp.BackgroudTasks", "src\core\Kubesharp.BackgroudTasks\Kubesharp.BackgroudTasks.csproj", "{97EC6D0A-7701-4FA6-BE11-12D2AF6259E4}"
EndProject
Project("{2150E333-8FDC-42A3-9474-1A3956D46DE8}") = "client", "client", "{5EEB0AEA-DD20-4052-A637-2F3A92F93F15}"
EndProject
Project("{54A90642-561A-4BB1-A94E-469ADEE60C69}") = "vue3-ts-client", "src\client\vue3-ts-client\vue3-ts-client.esproj", "{6E91BD2F-279F-462D-922C-EE8BE4F26B68}"
EndProject
Project("{2150E333-8FDC-42A3-9474-1A3956D46DE8}") = "modules", "modules", "{C64D98F0-721B-4E35-B15F-37BF093B70C9}"
EndProject
Project("{9A19103F-16F7-4668-BE54-9A1E7A4F7556}") = "Kubesharp.Modules.Yaml", "src\core\modules\Kubesharp.Modules.Yaml\Kubesharp.Modules.Yaml.csproj", "{6C73D7C8-2BE7-4DF6-9936-795C34A914DF}"
EndProject
Project("{9A19103F-16F7-4668-BE54-9A1E7A4F7556}") = "Kubesharp.Modules.Redis", "src\core\modules\Kubesharp.Modules.Redis\Kubesharp.Modules.Redis.csproj", "{09C4C638-EFA4-4604-8CB8-D98AEB18CD0D}"
EndProject
Project("{2150E333-8FDC-42A3-9474-1A3956D46DE8}") = "api", "api", "{4F7FE9FC-6E75-483C-BCC6-6333808E4C73}"
EndProject
Project("{9A19103F-16F7-4668-BE54-9A1E7A4F7556}") = "Kubesharp.Api", "src\api\Kubesharp.Api\Kubesharp.Api.csproj", "{B1D8CFC7-A08A-4C37-B08E-3ADD57068FE6}"
EndProject
Project("{9A19103F-16F7-4668-BE54-9A1E7A4F7556}") = "Kubesharp.Web", "src\api\Kubesharp.Web\Kubesharp.Web.csproj", "{4570939D-C39F-44E6-97A1-E9DA3D7F40A2}"
EndProject
Project("{2150E333-8FDC-42A3-9474-1A3956D46DE8}") = "kube", "kube", "{114DEFDE-183A-4E84-A9A2-A81684499DE7}"
EndProject
Project("{9A19103F-16F7-4668-BE54-9A1E7A4F7556}") = "Kubesharp.Kube.Client", "src\kube\Kubesharp.Kube.Client\Kubesharp.Kube.Client.csproj", "{C0D43807-3C1B-4A1D-B8A3-F726AE7BC542}"
EndProject
Project("{9A19103F-16F7-4668-BE54-9A1E7A4F7556}") = "Kubesharp.Kube.Config", "src\kube\Kubesharp.Kube.Config\Kubesharp.Kube.Config.csproj", "{FB8BA73F-75DA-4B06-9953-EDDA1FAC8415}"
EndProject
Project("{9A19103F-16F7-4668-BE54-9A1E7A4F7556}") = "Kubesharp.Kube.Abstractions", "src\kube\Kubesharp.Kube.Abstractions\Kubesharp.Kube.Abstractions.csproj", "{4DF906BC-A4B1-4304-8BE2-25B1D336E474}"
EndProject
Project("{2150E333-8FDC-42A3-9474-1A3956D46DE8}") = "domain", "domain", "{7915004E-3F6C-4511-A14F-8594174836AD}"
EndProject
Project("{2150E333-8FDC-42A3-9474-1A3956D46DE8}") = "infrastructure", "infrastructure", "{C7EBCF25-FA4F-4334-81E2-59424E712598}"
EndProject
Project("{9A19103F-16F7-4668-BE54-9A1E7A4F7556}") = "Kubesharp.Infrastructure.Query", "src\core\infrastructure\Kubesharp.Infrastructure.Query\Kubesharp.Infrastructure.Query.csproj", "{327BEFFE-97F0-4346-93DF-9FC414D13F9D}"
EndProject
Project("{9A19103F-16F7-4668-BE54-9A1E7A4F7556}") = "Kubesharp.Infrastructure.Command", "src\core\infrastructure\Kubesharp.Infrastructure.Command\Kubesharp.Infrastructure.Command.csproj", "{77A8399E-F993-4881-A861-36C3AC11247E}"
EndProject
Project("{9A19103F-16F7-4668-BE54-9A1E7A4F7556}") = "Kubesharp.Infrastructure", "src\core\Kubesharp.Infrastructure\Kubesharp.Infrastructure.csproj", "{574452C9-DCC2-42E6-87C9-7EF709BEFB2D}"
EndProject
Project("{2150E333-8FDC-42A3-9474-1A3956D46DE8}") = "src", "src", "{D4B54680-0C88-470F-9879-091E03308724}"
EndProject
Project("{2150E333-8FDC-42A3-9474-1A3956D46DE8}") = "docs", "docs", "{B3CAE473-03EC-4D73-9049-30AD2C7CD6B2}"
EndProject
Project("{9A19103F-16F7-4668-BE54-9A1E7A4F7556}") = "Kubesharp.Modules.MediatR", "src\core\modules\Kubesharp.Modules.MediatR\Kubesharp.Modules.MediatR.csproj", "{542D4304-386E-4996-9F97-DF6E500CEEDF}"
EndProject
Project("{2150E333-8FDC-42A3-9474-1A3956D46DE8}") = "tests", "tests", "{EFB000EE-205B-46DF-8413-57C869F5D25F}"
EndProject
Project("{9A19103F-16F7-4668-BE54-9A1E7A4F7556}") = "Kubesharp.Kube.UnitTest", "tests\kube\Kubesharp.Kube.UnitTest\Kubesharp.Kube.UnitTest.csproj", "{F8AFBBB9-A2FC-4AFC-9E61-2AA2801DCFCC}"
EndProject
Global
	GlobalSection(SolutionConfigurationPlatforms) = preSolution
		Debug|Any CPU = Debug|Any CPU
		Release|Any CPU = Release|Any CPU
	EndGlobalSection
	GlobalSection(ProjectConfigurationPlatforms) = postSolution
		{F7234AD0-48C6-4EAB-8C58-F5F1CDCE4090}.Debug|Any CPU.ActiveCfg = Debug|Any CPU
		{F7234AD0-48C6-4EAB-8C58-F5F1CDCE4090}.Debug|Any CPU.Build.0 = Debug|Any CPU
		{F7234AD0-48C6-4EAB-8C58-F5F1CDCE4090}.Release|Any CPU.ActiveCfg = Release|Any CPU
		{F7234AD0-48C6-4EAB-8C58-F5F1CDCE4090}.Release|Any CPU.Build.0 = Release|Any CPU
		{0B45CEF2-1575-4787-ACBA-35743E6B4478}.Debug|Any CPU.ActiveCfg = Debug|Any CPU
		{0B45CEF2-1575-4787-ACBA-35743E6B4478}.Debug|Any CPU.Build.0 = Debug|Any CPU
		{0B45CEF2-1575-4787-ACBA-35743E6B4478}.Release|Any CPU.ActiveCfg = Release|Any CPU
		{0B45CEF2-1575-4787-ACBA-35743E6B4478}.Release|Any CPU.Build.0 = Release|Any CPU
		{6A9243F4-2AB1-43E1-9053-567BC712966E}.Debug|Any CPU.ActiveCfg = Debug|Any CPU
		{6A9243F4-2AB1-43E1-9053-567BC712966E}.Debug|Any CPU.Build.0 = Debug|Any CPU
		{6A9243F4-2AB1-43E1-9053-567BC712966E}.Release|Any CPU.ActiveCfg = Release|Any CPU
		{6A9243F4-2AB1-43E1-9053-567BC712966E}.Release|Any CPU.Build.0 = Release|Any CPU
		{97EC6D0A-7701-4FA6-BE11-12D2AF6259E4}.Debug|Any CPU.ActiveCfg = Debug|Any CPU
		{97EC6D0A-7701-4FA6-BE11-12D2AF6259E4}.Debug|Any CPU.Build.0 = Debug|Any CPU
		{97EC6D0A-7701-4FA6-BE11-12D2AF6259E4}.Release|Any CPU.ActiveCfg = Release|Any CPU
		{97EC6D0A-7701-4FA6-BE11-12D2AF6259E4}.Release|Any CPU.Build.0 = Release|Any CPU
		{6E91BD2F-279F-462D-922C-EE8BE4F26B68}.Debug|Any CPU.ActiveCfg = Debug|Any CPU
		{6E91BD2F-279F-462D-922C-EE8BE4F26B68}.Debug|Any CPU.Build.0 = Debug|Any CPU
		{6E91BD2F-279F-462D-922C-EE8BE4F26B68}.Debug|Any CPU.Deploy.0 = Debug|Any CPU
		{6E91BD2F-279F-462D-922C-EE8BE4F26B68}.Release|Any CPU.ActiveCfg = Release|Any CPU
		{6E91BD2F-279F-462D-922C-EE8BE4F26B68}.Release|Any CPU.Build.0 = Release|Any CPU
		{6E91BD2F-279F-462D-922C-EE8BE4F26B68}.Release|Any CPU.Deploy.0 = Release|Any CPU
		{6C73D7C8-2BE7-4DF6-9936-795C34A914DF}.Debug|Any CPU.ActiveCfg = Debug|Any CPU
		{6C73D7C8-2BE7-4DF6-9936-795C34A914DF}.Debug|Any CPU.Build.0 = Debug|Any CPU
		{6C73D7C8-2BE7-4DF6-9936-795C34A914DF}.Release|Any CPU.ActiveCfg = Release|Any CPU
		{6C73D7C8-2BE7-4DF6-9936-795C34A914DF}.Release|Any CPU.Build.0 = Release|Any CPU
		{09C4C638-EFA4-4604-8CB8-D98AEB18CD0D}.Debug|Any CPU.ActiveCfg = Debug|Any CPU
		{09C4C638-EFA4-4604-8CB8-D98AEB18CD0D}.Debug|Any CPU.Build.0 = Debug|Any CPU
		{09C4C638-EFA4-4604-8CB8-D98AEB18CD0D}.Release|Any CPU.ActiveCfg = Release|Any CPU
		{09C4C638-EFA4-4604-8CB8-D98AEB18CD0D}.Release|Any CPU.Build.0 = Release|Any CPU
		{B1D8CFC7-A08A-4C37-B08E-3ADD57068FE6}.Debug|Any CPU.ActiveCfg = Debug|Any CPU
		{B1D8CFC7-A08A-4C37-B08E-3ADD57068FE6}.Debug|Any CPU.Build.0 = Debug|Any CPU
		{B1D8CFC7-A08A-4C37-B08E-3ADD57068FE6}.Release|Any CPU.ActiveCfg = Release|Any CPU
		{B1D8CFC7-A08A-4C37-B08E-3ADD57068FE6}.Release|Any CPU.Build.0 = Release|Any CPU
		{4570939D-C39F-44E6-97A1-E9DA3D7F40A2}.Debug|Any CPU.ActiveCfg = Debug|Any CPU
		{4570939D-C39F-44E6-97A1-E9DA3D7F40A2}.Debug|Any CPU.Build.0 = Debug|Any CPU
		{4570939D-C39F-44E6-97A1-E9DA3D7F40A2}.Release|Any CPU.ActiveCfg = Release|Any CPU
		{4570939D-C39F-44E6-97A1-E9DA3D7F40A2}.Release|Any CPU.Build.0 = Release|Any CPU
		{C0D43807-3C1B-4A1D-B8A3-F726AE7BC542}.Debug|Any CPU.ActiveCfg = Debug|Any CPU
		{C0D43807-3C1B-4A1D-B8A3-F726AE7BC542}.Debug|Any CPU.Build.0 = Debug|Any CPU
		{C0D43807-3C1B-4A1D-B8A3-F726AE7BC542}.Release|Any CPU.ActiveCfg = Release|Any CPU
		{C0D43807-3C1B-4A1D-B8A3-F726AE7BC542}.Release|Any CPU.Build.0 = Release|Any CPU
		{FB8BA73F-75DA-4B06-9953-EDDA1FAC8415}.Debug|Any CPU.ActiveCfg = Debug|Any CPU
		{FB8BA73F-75DA-4B06-9953-EDDA1FAC8415}.Debug|Any CPU.Build.0 = Debug|Any CPU
		{FB8BA73F-75DA-4B06-9953-EDDA1FAC8415}.Release|Any CPU.ActiveCfg = Release|Any CPU
		{FB8BA73F-75DA-4B06-9953-EDDA1FAC8415}.Release|Any CPU.Build.0 = Release|Any CPU
		{4DF906BC-A4B1-4304-8BE2-25B1D336E474}.Debug|Any CPU.ActiveCfg = Debug|Any CPU
		{4DF906BC-A4B1-4304-8BE2-25B1D336E474}.Debug|Any CPU.Build.0 = Debug|Any CPU
		{4DF906BC-A4B1-4304-8BE2-25B1D336E474}.Release|Any CPU.ActiveCfg = Release|Any CPU
		{4DF906BC-A4B1-4304-8BE2-25B1D336E474}.Release|Any CPU.Build.0 = Release|Any CPU
		{327BEFFE-97F0-4346-93DF-9FC414D13F9D}.Debug|Any CPU.ActiveCfg = Debug|Any CPU
		{327BEFFE-97F0-4346-93DF-9FC414D13F9D}.Debug|Any CPU.Build.0 = Debug|Any CPU
		{327BEFFE-97F0-4346-93DF-9FC414D13F9D}.Release|Any CPU.ActiveCfg = Release|Any CPU
		{327BEFFE-97F0-4346-93DF-9FC414D13F9D}.Release|Any CPU.Build.0 = Release|Any CPU
		{77A8399E-F993-4881-A861-36C3AC11247E}.Debug|Any CPU.ActiveCfg = Debug|Any CPU
		{77A8399E-F993-4881-A861-36C3AC11247E}.Debug|Any CPU.Build.0 = Debug|Any CPU
		{77A8399E-F993-4881-A861-36C3AC11247E}.Release|Any CPU.ActiveCfg = Release|Any CPU
		{77A8399E-F993-4881-A861-36C3AC11247E}.Release|Any CPU.Build.0 = Release|Any CPU
		{574452C9-DCC2-42E6-87C9-7EF709BEFB2D}.Debug|Any CPU.ActiveCfg = Debug|Any CPU
		{574452C9-DCC2-42E6-87C9-7EF709BEFB2D}.Debug|Any CPU.Build.0 = Debug|Any CPU
		{574452C9-DCC2-42E6-87C9-7EF709BEFB2D}.Release|Any CPU.ActiveCfg = Release|Any CPU
		{574452C9-DCC2-42E6-87C9-7EF709BEFB2D}.Release|Any CPU.Build.0 = Release|Any CPU
		{542D4304-386E-4996-9F97-DF6E500CEEDF}.Debug|Any CPU.ActiveCfg = Debug|Any CPU
		{542D4304-386E-4996-9F97-DF6E500CEEDF}.Debug|Any CPU.Build.0 = Debug|Any CPU
		{542D4304-386E-4996-9F97-DF6E500CEEDF}.Release|Any CPU.ActiveCfg = Release|Any CPU
		{542D4304-386E-4996-9F97-DF6E500CEEDF}.Release|Any CPU.Build.0 = Release|Any CPU
		{F8AFBBB9-A2FC-4AFC-9E61-2AA2801DCFCC}.Debug|Any CPU.ActiveCfg = Debug|Any CPU
		{F8AFBBB9-A2FC-4AFC-9E61-2AA2801DCFCC}.Debug|Any CPU.Build.0 = Debug|Any CPU
		{F8AFBBB9-A2FC-4AFC-9E61-2AA2801DCFCC}.Release|Any CPU.ActiveCfg = Release|Any CPU
		{F8AFBBB9-A2FC-4AFC-9E61-2AA2801DCFCC}.Release|Any CPU.Build.0 = Release|Any CPU
	EndGlobalSection
	GlobalSection(SolutionProperties) = preSolution
		HideSolutionNode = FALSE
	EndGlobalSection
	GlobalSection(NestedProjects) = preSolution
		{BD67D1DE-F732-4CA0-979F-FBA5B851B3E8} = {D4B54680-0C88-470F-9879-091E03308724}
		{F7234AD0-48C6-4EAB-8C58-F5F1CDCE4090} = {BD67D1DE-F732-4CA0-979F-FBA5B851B3E8}
		{0B45CEF2-1575-4787-ACBA-35743E6B4478} = {BD67D1DE-F732-4CA0-979F-FBA5B851B3E8}
		{6A9243F4-2AB1-43E1-9053-567BC712966E} = {BD67D1DE-F732-4CA0-979F-FBA5B851B3E8}
		{97EC6D0A-7701-4FA6-BE11-12D2AF6259E4} = {BD67D1DE-F732-4CA0-979F-FBA5B851B3E8}
		{5EEB0AEA-DD20-4052-A637-2F3A92F93F15} = {D4B54680-0C88-470F-9879-091E03308724}
		{6E91BD2F-279F-462D-922C-EE8BE4F26B68} = {5EEB0AEA-DD20-4052-A637-2F3A92F93F15}
		{C64D98F0-721B-4E35-B15F-37BF093B70C9} = {BD67D1DE-F732-4CA0-979F-FBA5B851B3E8}
		{6C73D7C8-2BE7-4DF6-9936-795C34A914DF} = {C64D98F0-721B-4E35-B15F-37BF093B70C9}
		{09C4C638-EFA4-4604-8CB8-D98AEB18CD0D} = {C64D98F0-721B-4E35-B15F-37BF093B70C9}
		{4F7FE9FC-6E75-483C-BCC6-6333808E4C73} = {D4B54680-0C88-470F-9879-091E03308724}
		{B1D8CFC7-A08A-4C37-B08E-3ADD57068FE6} = {4F7FE9FC-6E75-483C-BCC6-6333808E4C73}
		{4570939D-C39F-44E6-97A1-E9DA3D7F40A2} = {4F7FE9FC-6E75-483C-BCC6-6333808E4C73}
		{114DEFDE-183A-4E84-A9A2-A81684499DE7} = {D4B54680-0C88-470F-9879-091E03308724}
		{C0D43807-3C1B-4A1D-B8A3-F726AE7BC542} = {114DEFDE-183A-4E84-A9A2-A81684499DE7}
		{FB8BA73F-75DA-4B06-9953-EDDA1FAC8415} = {114DEFDE-183A-4E84-A9A2-A81684499DE7}
		{4DF906BC-A4B1-4304-8BE2-25B1D336E474} = {114DEFDE-183A-4E84-A9A2-A81684499DE7}
		{7915004E-3F6C-4511-A14F-8594174836AD} = {BD67D1DE-F732-4CA0-979F-FBA5B851B3E8}
		{C7EBCF25-FA4F-4334-81E2-59424E712598} = {BD67D1DE-F732-4CA0-979F-FBA5B851B3E8}
		{327BEFFE-97F0-4346-93DF-9FC414D13F9D} = {C7EBCF25-FA4F-4334-81E2-59424E712598}
		{77A8399E-F993-4881-A861-36C3AC11247E} = {C7EBCF25-FA4F-4334-81E2-59424E712598}
		{574452C9-DCC2-42E6-87C9-7EF709BEFB2D} = {BD67D1DE-F732-4CA0-979F-FBA5B851B3E8}
		{542D4304-386E-4996-9F97-DF6E500CEEDF} = {C64D98F0-721B-4E35-B15F-37BF093B70C9}
		{F8AFBBB9-A2FC-4AFC-9E61-2AA2801DCFCC} = {EFB000EE-205B-46DF-8413-57C869F5D25F}
	EndGlobalSection
	GlobalSection(ExtensibilityGlobals) = postSolution
		SolutionGuid = {7BB70BF8-9906-454C-BD18-1CF2803A9DFC}
	EndGlobalSection
EndGlobal
